
Microsoft Visual Studio Solution File, Format Version 12.00
# Visual Studio Version 17
VisualStudioVersion = 17.13.35931.197 d17.13
MinimumVisualStudioVersion = 10.0.40219.1
Project("{FAE04EC0-301F-11D3-BF4B-00C04F79EFBC}") = "ParticleEngines", "ParticleEngines.csproj", "{B0ED09E5-02A1-45DD-9416-540743C9D861}"
EndProject
Global
	GlobalSection(SolutionConfigurationPlatforms) = preSolution
		Debug|Any CPU = Debug|Any CPU
		Release|Any CPU = Release|Any CPU
	EndGlobalSection
	GlobalSection(ProjectConfigurationPlatforms) = postSolution
		{B0ED09E5-02A1-45DD-9416-540743C9D861}.Debug|Any CPU.ActiveCfg = Debug|Any CPU
		{B0ED09E5-02A1-45DD-9416-540743C9D861}.Debug|Any CPU.Build.0 = Debug|Any CPU
		{B0ED09E5-02A1-45DD-9416-540743C9D861}.Release|Any CPU.ActiveCfg = Release|Any CPU
		{B0ED09E5-02A1-45DD-9416-540743C9D861}.Release|Any CPU.Build.0 = Release|Any CPU
	EndGlobalSection
	GlobalSection(SolutionProperties) = preSolution
		HideSolutionNode = FALSE
	EndGlobalSection
	GlobalSection(ExtensibilityGlobals) = postSolution
		SolutionGuid = {C5D5461E-2884-4D26-A932-8543F7D8B33F}
	EndGlobalSection
EndGlobal
