
Microsoft Visual Studio Solution File, Format Version 12.00
# Visual Studio Version 17
VisualStudioVersion = 17.13.35931.197 d17.13
MinimumVisualStudioVersion = 10.0.40219.1
Project("{FAE04EC0-301F-11D3-BF4B-00C04F79EFBC}") = "Using_3D_Models", "Using_3D_Models.csproj", "{C8397AF4-EF8B-48B0-9619-5722D5C678B2}"
EndProject
Global
	GlobalSection(SolutionConfigurationPlatforms) = preSolution
		Debug|Any CPU = Debug|Any CPU
		Release|Any CPU = Release|Any CPU
	EndGlobalSection
	GlobalSection(ProjectConfigurationPlatforms) = postSolution
		{C8397AF4-EF8B-48B0-9619-5722D5C678B2}.Debug|Any CPU.ActiveCfg = Debug|Any CPU
		{C8397AF4-EF8B-48B0-9619-5722D5C678B2}.Debug|Any CPU.Build.0 = Debug|Any CPU
		{C8397AF4-EF8B-48B0-9619-5722D5C678B2}.Release|Any CPU.ActiveCfg = Release|Any CPU
		{C8397AF4-EF8B-48B0-9619-5722D5C678B2}.Release|Any CPU.Build.0 = Release|Any CPU
	EndGlobalSection
	GlobalSection(SolutionProperties) = preSolution
		HideSolutionNode = FALSE
	EndGlobalSection
	GlobalSection(ExtensibilityGlobals) = postSolution
		SolutionGuid = {0C611939-5999-47CD-96D1-9CA8631CFF71}
	EndGlobalSection
EndGlobal
