
Microsoft Visual Studio Solution File, Format Version 12.00
# Visual Studio Version 17
VisualStudioVersion = 17.13.35931.197 d17.13
MinimumVisualStudioVersion = 10.0.40219.1
Project("{FAE04EC0-301F-11D3-BF4B-00C04F79EFBC}") = "Mouse_Input", "Mouse_Input.csproj", "{4CA5E025-B48E-4B92-B370-35894761CB6D}"
EndProject
Global
	GlobalSection(SolutionConfigurationPlatforms) = preSolution
		Debug|Any CPU = Debug|Any CPU
		Release|Any CPU = Release|Any CPU
	EndGlobalSection
	GlobalSection(ProjectConfigurationPlatforms) = postSolution
		{4CA5E025-B48E-4B92-B370-35894761CB6D}.Debug|Any CPU.ActiveCfg = Debug|Any CPU
		{4CA5E025-B48E-4B92-B370-35894761CB6D}.Debug|Any CPU.Build.0 = Debug|Any CPU
		{4CA5E025-B48E-4B92-B370-35894761CB6D}.Release|Any CPU.ActiveCfg = Release|Any CPU
		{4CA5E025-B48E-4B92-B370-35894761CB6D}.Release|Any CPU.Build.0 = Release|Any CPU
	EndGlobalSection
	GlobalSection(SolutionProperties) = preSolution
		HideSolutionNode = FALSE
	EndGlobalSection
	GlobalSection(ExtensibilityGlobals) = postSolution
		SolutionGuid = {21BBF3A4-4FD7-40A8-9DE5-1B77E37AB77D}
	EndGlobalSection
EndGlobal
