
Microsoft Visual Studio Solution File, Format Version 12.00
# Visual Studio Version 17
VisualStudioVersion = 17.13.35931.197 d17.13
MinimumVisualStudioVersion = 10.0.40219.1
Project("{FAE04EC0-301F-11D3-BF4B-00C04F79EFBC}") = "Rotating_Sprites", "Rotating_Sprites.csproj", "{F9225732-A59D-477F-A3CB-4B63EE2CCE5C}"
EndProject
Global
	GlobalSection(SolutionConfigurationPlatforms) = preSolution
		Debug|Any CPU = Debug|Any CPU
		Release|Any CPU = Release|Any CPU
	EndGlobalSection
	GlobalSection(ProjectConfigurationPlatforms) = postSolution
		{F9225732-A59D-477F-A3CB-4B63EE2CCE5C}.Debug|Any CPU.ActiveCfg = Debug|Any CPU
		{F9225732-A59D-477F-A3CB-4B63EE2CCE5C}.Debug|Any CPU.Build.0 = Debug|Any CPU
		{F9225732-A59D-477F-A3CB-4B63EE2CCE5C}.Release|Any CPU.ActiveCfg = Release|Any CPU
		{F9225732-A59D-477F-A3CB-4B63EE2CCE5C}.Release|Any CPU.Build.0 = Release|Any CPU
	EndGlobalSection
	GlobalSection(SolutionProperties) = preSolution
		HideSolutionNode = FALSE
	EndGlobalSection
	GlobalSection(ExtensibilityGlobals) = postSolution
		SolutionGuid = {145C1D80-FFF8-4723-A126-D3E35D85438B}
	EndGlobalSection
EndGlobal
